
Microsoft Visual Studio Solution File, Format Version 12.00
# Visual Studio 14
VisualStudioVersion = 14.0.25420.1
MinimumVisualStudioVersion = 10.0.40219.1
Project("{2150E333-8FDC-42A3-9474-1A3956D46DE8}") = "backend", "backend", "{074EC903-9CB6-4E3C-B2B6-1C7806D3FF61}"
EndProject
Project("{2150E333-8FDC-42A3-9474-1A3956D46DE8}") = "cross", "cross", "{7329823D-4220-41D2-81E8-79F450A21A93}"
EndProject
Project("{2150E333-8FDC-42A3-9474-1A3956D46DE8}") = "frontend", "frontend", "{7D90157E-EB81-4241-BB99-17ABC67CB1D0}"
EndProject
Project("{FAE04EC0-301F-11D3-BF4B-00C04F79EFBC}") = "SistemaGTFIMUNCP.Modelo", "SistemaGTFIMUNCP.Modelo\SistemaGTFIMUNCP.Modelo.csproj", "{99BB78EF-2C3E-440A-B8C1-B19A8F36A10A}"
EndProject
Project("{FAE04EC0-301F-11D3-BF4B-00C04F79EFBC}") = "SistemaGTFIMUNCP.Repositorio", "SistemaGTFIMUNCP.Repositorio\SistemaGTFIMUNCP.Repositorio.csproj", "{8553009B-96F1-42A9-A2B7-62ABF2E8A54A}"
EndProject
Project("{FAE04EC0-301F-11D3-BF4B-00C04F79EFBC}") = "SistemaGTFIMUNCP.Entidades", "SistemaGTFIMUNCP.Entidades\SistemaGTFIMUNCP.Entidades.csproj", "{CE5DC4A6-B856-4A3F-B09B-3DCCCACD4E36}"
EndProject
Project("{FAE04EC0-301F-11D3-BF4B-00C04F79EFBC}") = "SistemaGTFIMUNCP.Presentacion", "SistemaGTFIMUNCP.Presentacion\SistemaGTFIMUNCP.Presentacion.csproj", "{81DE2F0C-D805-4BED-99B6-F7BA4E8E1039}"
EndProject
Project("{2150E333-8FDC-42A3-9474-1A3956D46DE8}") = "Datos", "Datos", "{03DC254A-F1B8-42B5-B744-3DF8B5F5133F}"
EndProject
Project("{2150E333-8FDC-42A3-9474-1A3956D46DE8}") = "Procesos", "Procesos", "{A00476DD-281F-4A3C-91FD-32746A02089D}"
EndProject
Project("{FAE04EC0-301F-11D3-BF4B-00C04F79EFBC}") = "SistemaGTFIMUNCP.LogicaNegocio", "SistemaGTFIMUNCP.LogicaNegocio\SistemaGTFIMUNCP.LogicaNegocio.csproj", "{548D85B7-5C6E-4A2A-8D80-ECE6D7355914}"
EndProject
Global
	GlobalSection(SolutionConfigurationPlatforms) = preSolution
		Debug|Any CPU = Debug|Any CPU
		Release|Any CPU = Release|Any CPU
	EndGlobalSection
	GlobalSection(ProjectConfigurationPlatforms) = postSolution
		{99BB78EF-2C3E-440A-B8C1-B19A8F36A10A}.Debug|Any CPU.ActiveCfg = Debug|Any CPU
		{99BB78EF-2C3E-440A-B8C1-B19A8F36A10A}.Debug|Any CPU.Build.0 = Debug|Any CPU
		{99BB78EF-2C3E-440A-B8C1-B19A8F36A10A}.Release|Any CPU.ActiveCfg = Release|Any CPU
		{99BB78EF-2C3E-440A-B8C1-B19A8F36A10A}.Release|Any CPU.Build.0 = Release|Any CPU
		{8553009B-96F1-42A9-A2B7-62ABF2E8A54A}.Debug|Any CPU.ActiveCfg = Debug|Any CPU
		{8553009B-96F1-42A9-A2B7-62ABF2E8A54A}.Debug|Any CPU.Build.0 = Debug|Any CPU
		{8553009B-96F1-42A9-A2B7-62ABF2E8A54A}.Release|Any CPU.ActiveCfg = Release|Any CPU
		{8553009B-96F1-42A9-A2B7-62ABF2E8A54A}.Release|Any CPU.Build.0 = Release|Any CPU
		{CE5DC4A6-B856-4A3F-B09B-3DCCCACD4E36}.Debug|Any CPU.ActiveCfg = Debug|Any CPU
		{CE5DC4A6-B856-4A3F-B09B-3DCCCACD4E36}.Debug|Any CPU.Build.0 = Debug|Any CPU
		{CE5DC4A6-B856-4A3F-B09B-3DCCCACD4E36}.Release|Any CPU.ActiveCfg = Release|Any CPU
		{CE5DC4A6-B856-4A3F-B09B-3DCCCACD4E36}.Release|Any CPU.Build.0 = Release|Any CPU
		{81DE2F0C-D805-4BED-99B6-F7BA4E8E1039}.Debug|Any CPU.ActiveCfg = Debug|Any CPU
		{81DE2F0C-D805-4BED-99B6-F7BA4E8E1039}.Debug|Any CPU.Build.0 = Debug|Any CPU
		{81DE2F0C-D805-4BED-99B6-F7BA4E8E1039}.Release|Any CPU.ActiveCfg = Release|Any CPU
		{81DE2F0C-D805-4BED-99B6-F7BA4E8E1039}.Release|Any CPU.Build.0 = Release|Any CPU
		{548D85B7-5C6E-4A2A-8D80-ECE6D7355914}.Debug|Any CPU.ActiveCfg = Debug|Any CPU
		{548D85B7-5C6E-4A2A-8D80-ECE6D7355914}.Debug|Any CPU.Build.0 = Debug|Any CPU
		{548D85B7-5C6E-4A2A-8D80-ECE6D7355914}.Release|Any CPU.ActiveCfg = Release|Any CPU
		{548D85B7-5C6E-4A2A-8D80-ECE6D7355914}.Release|Any CPU.Build.0 = Release|Any CPU
	EndGlobalSection
	GlobalSection(SolutionProperties) = preSolution
		HideSolutionNode = FALSE
	EndGlobalSection
	GlobalSection(NestedProjects) = preSolution
		{99BB78EF-2C3E-440A-B8C1-B19A8F36A10A} = {03DC254A-F1B8-42B5-B744-3DF8B5F5133F}
		{8553009B-96F1-42A9-A2B7-62ABF2E8A54A} = {03DC254A-F1B8-42B5-B744-3DF8B5F5133F}
		{CE5DC4A6-B856-4A3F-B09B-3DCCCACD4E36} = {7329823D-4220-41D2-81E8-79F450A21A93}
		{81DE2F0C-D805-4BED-99B6-F7BA4E8E1039} = {7D90157E-EB81-4241-BB99-17ABC67CB1D0}
		{03DC254A-F1B8-42B5-B744-3DF8B5F5133F} = {074EC903-9CB6-4E3C-B2B6-1C7806D3FF61}
		{A00476DD-281F-4A3C-91FD-32746A02089D} = {074EC903-9CB6-4E3C-B2B6-1C7806D3FF61}
		{548D85B7-5C6E-4A2A-8D80-ECE6D7355914} = {A00476DD-281F-4A3C-91FD-32746A02089D}
	EndGlobalSection
EndGlobal
